// !$*UTF8*$!
{
	archiveVersion = 1;
	classes = {
	};
	objectVersion = 56;
	objects = {

/* Begin PBXBuildFile section */
		B9430DB52CC178AC00B7E9EB /* TableModel.swift in Sources */ = {isa = PBXBuildFile; fileRef = B9430DB42CC178AC00B7E9EB /* TableModel.swift */; };
		B9430DB82CC17BF400B7E9EB /* table_viewApp.swift in Sources */ = {isa = PBXBuildFile; fileRef = B9430DB72CC17BF400B7E9EB /* table_viewApp.swift */; };
		B9430DBB2CC28BFE00B7E9EB /* Serialization.swift in Sources */ = {isa = PBXBuildFile; fileRef = B9430DBA2CC28BFE00B7E9EB /* Serialization.swift */; };
		B95AEA482CB5B74B00FC8247 /* TableView.swift in Sources */ = {isa = PBXBuildFile; fileRef = B95AEA472CB5B74B00FC8247 /* TableView.swift */; };
		B95AEA4A2CB5B74C00FC8247 /* Assets.xcassets in Resources */ = {isa = PBXBuildFile; fileRef = B95AEA492CB5B74C00FC8247 /* Assets.xcassets */; };
		B95AEA4D2CB5B74C00FC8247 /* Preview Assets.xcassets in Resources */ = {isa = PBXBuildFile; fileRef = B95AEA4C2CB5B74C00FC8247 /* Preview Assets.xcassets */; };
		B95AEA562CB5D77400FC8247 /* TableViewModel.swift in Sources */ = {isa = PBXBuildFile; fileRef = B95AEA552CB5D77400FC8247 /* TableViewModel.swift */; };
		B97892D02CC175F000B17D72 /* Extensions.swift in Sources */ = {isa = PBXBuildFile; fileRef = B97892CF2CC175F000B17D72 /* Extensions.swift */; };
/* End PBXBuildFile section */

/* Begin PBXFileReference section */
		B9430DB42CC178AC00B7E9EB /* TableModel.swift */ = {isa = PBXFileReference; lastKnownFileType = sourcecode.swift; path = TableModel.swift; sourceTree = "<group>"; };
		B9430DB72CC17BF400B7E9EB /* table_viewApp.swift */ = {isa = PBXFileReference; lastKnownFileType = sourcecode.swift; path = table_viewApp.swift; sourceTree = "<group>"; };
		B9430DBA2CC28BFE00B7E9EB /* Serialization.swift */ = {isa = PBXFileReference; lastKnownFileType = sourcecode.swift; path = Serialization.swift; sourceTree = "<group>"; };
		B95AEA422CB5B74B00FC8247 /* table-view.app */ = {isa = PBXFileReference; explicitFileType = wrapper.application; includeInIndex = 0; path = "table-view.app"; sourceTree = BUILT_PRODUCTS_DIR; };
		B95AEA472CB5B74B00FC8247 /* TableView.swift */ = {isa = PBXFileReference; lastKnownFileType = sourcecode.swift; path = TableView.swift; sourceTree = "<group>"; };
		B95AEA492CB5B74C00FC8247 /* Assets.xcassets */ = {isa = PBXFileReference; lastKnownFileType = folder.assetcatalog; path = Assets.xcassets; sourceTree = "<group>"; };
		B95AEA4C2CB5B74C00FC8247 /* Preview Assets.xcassets */ = {isa = PBXFileReference; lastKnownFileType = folder.assetcatalog; path = "Preview Assets.xcassets"; sourceTree = "<group>"; };
		B95AEA552CB5D77400FC8247 /* TableViewModel.swift */ = {isa = PBXFileReference; lastKnownFileType = sourcecode.swift; path = TableViewModel.swift; sourceTree = "<group>"; };
		B97892CF2CC175F000B17D72 /* Extensions.swift */ = {isa = PBXFileReference; lastKnownFileType = sourcecode.swift; path = Extensions.swift; sourceTree = "<group>"; };
/* End PBXFileReference section */

/* Begin PBXFrameworksBuildPhase section */
		B95AEA3F2CB5B74B00FC8247 /* Frameworks */ = {
			isa = PBXFrameworksBuildPhase;
			buildActionMask = 2147483647;
			files = (
			);
			runOnlyForDeploymentPostprocessing = 0;
		};
/* End PBXFrameworksBuildPhase section */

/* Begin PBXGroup section */
		B9430DB32CC1785800B7E9EB /* Models */ = {
			isa = PBXGroup;
			children = (
				B9430DB42CC178AC00B7E9EB /* TableModel.swift */,
				B9430DBA2CC28BFE00B7E9EB /* Serialization.swift */,
			);
			path = Models;
			sourceTree = "<group>";
		};
		B9430DB92CC17C3D00B7E9EB /* ViewModels */ = {
			isa = PBXGroup;
			children = (
				B95AEA552CB5D77400FC8247 /* TableViewModel.swift */,
			);
			path = ViewModels;
			sourceTree = "<group>";
		};
		B9430DBC2CC29DC200B7E9EB /* New Group */ = {
			isa = PBXGroup;
			children = (
			);
			path = "New Group";
			sourceTree = "<group>";
		};
		B9430DBD2CC29DF500B7E9EB /* App */ = {
			isa = PBXGroup;
			children = (
				B9430DB72CC17BF400B7E9EB /* table_viewApp.swift */,
			);
			path = App;
			sourceTree = "<group>";
		};
		B95AEA392CB5B74B00FC8247 = {
			isa = PBXGroup;
			children = (
				B95AEA442CB5B74B00FC8247 /* table-view */,
				B95AEA432CB5B74B00FC8247 /* Products */,
			);
			sourceTree = "<group>";
		};
		B95AEA432CB5B74B00FC8247 /* Products */ = {
			isa = PBXGroup;
			children = (
				B95AEA422CB5B74B00FC8247 /* table-view.app */,
			);
			name = Products;
			sourceTree = "<group>";
		};
		B95AEA442CB5B74B00FC8247 /* table-view */ = {
			isa = PBXGroup;
			children = (
				B9430DBD2CC29DF500B7E9EB /* App */,
				B9430DBC2CC29DC200B7E9EB /* New Group */,
				B97892D32CC1770B00B17D72 /* Assets */,
				B9430DB32CC1785800B7E9EB /* Models */,
				B95AEA572CB5D91300FC8247 /* Views */,
				B9430DB92CC17C3D00B7E9EB /* ViewModels */,
				B97892CE2CC175B300B17D72 /* Utils */,
				B95AEA4B2CB5B74C00FC8247 /* Preview Content */,
			);
			path = "table-view";
			sourceTree = "<group>";
		};
		B95AEA4B2CB5B74C00FC8247 /* Preview Content */ = {
			isa = PBXGroup;
			children = (
				B95AEA4C2CB5B74C00FC8247 /* Preview Assets.xcassets */,
				B95AEA492CB5B74C00FC8247 /* Assets.xcassets */,
			);
			path = "Preview Content";
			sourceTree = "<group>";
		};
		B95AEA572CB5D91300FC8247 /* Views */ = {
			isa = PBXGroup;
			children = (
				B97892D22CC176F400B17D72 /* Shared */,
				B95AEA472CB5B74B00FC8247 /* TableView.swift */,
			);
			path = Views;
			sourceTree = "<group>";
		};
		B97892CE2CC175B300B17D72 /* Utils */ = {
			isa = PBXGroup;
			children = (
				B97892CF2CC175F000B17D72 /* Extensions.swift */,
			);
			path = Utils;
			sourceTree = "<group>";
		};
		B97892D22CC176F400B17D72 /* Shared */ = {
			isa = PBXGroup;
			children = (
			);
			path = Shared;
			sourceTree = "<group>";
		};
		B97892D32CC1770B00B17D72 /* Assets */ = {
			isa = PBXGroup;
			children = (
			);
			path = Assets;
			sourceTree = "<group>";
		};
/* End PBXGroup section */

/* Begin PBXNativeTarget section */
		B95AEA412CB5B74B00FC8247 /* table-view */ = {
			isa = PBXNativeTarget;
			buildConfigurationList = B95AEA502CB5B74C00FC8247 /* Build configuration list for PBXNativeTarget "table-view" */;
			buildPhases = (
				B95AEA3E2CB5B74B00FC8247 /* Sources */,
				B95AEA3F2CB5B74B00FC8247 /* Frameworks */,
				B95AEA402CB5B74B00FC8247 /* Resources */,
			);
			buildRules = (
			);
			dependencies = (
			);
			name = "table-view";
			productName = "table-view";
			productReference = B95AEA422CB5B74B00FC8247 /* table-view.app */;
			productType = "com.apple.product-type.application";
		};
/* End PBXNativeTarget section */

/* Begin PBXProject section */
		B95AEA3A2CB5B74B00FC8247 /* Project object */ = {
			isa = PBXProject;
			attributes = {
				BuildIndependentTargetsInParallel = 1;
				LastSwiftUpdateCheck = 1530;
				LastUpgradeCheck = 1530;
				TargetAttributes = {
					B95AEA412CB5B74B00FC8247 = {
						CreatedOnToolsVersion = 15.3;
					};
				};
			};
			buildConfigurationList = B95AEA3D2CB5B74B00FC8247 /* Build configuration list for PBXProject "table-view" */;
			compatibilityVersion = "Xcode 14.0";
			developmentRegion = en;
			hasScannedForEncodings = 0;
			knownRegions = (
				en,
				Base,
			);
			mainGroup = B95AEA392CB5B74B00FC8247;
			productRefGroup = B95AEA432CB5B74B00FC8247 /* Products */;
			projectDirPath = "";
			projectRoot = "";
			targets = (
				B95AEA412CB5B74B00FC8247 /* table-view */,
			);
		};
/* End PBXProject section */

/* Begin PBXResourcesBuildPhase section */
		B95AEA402CB5B74B00FC8247 /* Resources */ = {
			isa = PBXResourcesBuildPhase;
			buildActionMask = 2147483647;
			files = (
				B95AEA4D2CB5B74C00FC8247 /* Preview Assets.xcassets in Resources */,
				B95AEA4A2CB5B74C00FC8247 /* Assets.xcassets in Resources */,
			);
			runOnlyForDeploymentPostprocessing = 0;
		};
/* End PBXResourcesBuildPhase section */

/* Begin PBXSourcesBuildPhase section */
		B95AEA3E2CB5B74B00FC8247 /* Sources */ = {
			isa = PBXSourcesBuildPhase;
			buildActionMask = 2147483647;
			files = (
				B97892D02CC175F000B17D72 /* Extensions.swift in Sources */,
				B9430DB82CC17BF400B7E9EB /* table_viewApp.swift in Sources */,
				B9430DBB2CC28BFE00B7E9EB /* Serialization.swift in Sources */,
				B95AEA482CB5B74B00FC8247 /* TableView.swift in Sources */,
				B95AEA562CB5D77400FC8247 /* TableViewModel.swift in Sources */,
				B9430DB52CC178AC00B7E9EB /* TableModel.swift in Sources */,
			);
			runOnlyForDeploymentPostprocessing = 0;
		};
/* End PBXSourcesBuildPhase section */

/* Begin XCBuildConfiguration section */
		B95AEA4E2CB5B74C00FC8247 /* Debug */ = {
			isa = XCBuildConfiguration;
			buildSettings = {
				ALWAYS_SEARCH_USER_PATHS = NO;
				ASSETCATALOG_COMPILER_GENERATE_SWIFT_ASSET_SYMBOL_EXTENSIONS = YES;
				CLANG_ANALYZER_NONNULL = YES;
				CLANG_ANALYZER_NUMBER_OBJECT_CONVERSION = YES_AGGRESSIVE;
				CLANG_CXX_LANGUAGE_STANDARD = "gnu++20";
				CLANG_ENABLE_MODULES = YES;
				CLANG_ENABLE_OBJC_ARC = YES;
				CLANG_ENABLE_OBJC_WEAK = YES;
				CLANG_WARN_BLOCK_CAPTURE_AUTORELEASING = YES;
				CLANG_WARN_BOOL_CONVERSION = YES;
				CLANG_WARN_COMMA = YES;
				CLANG_WARN_CONSTANT_CONVERSION = YES;
				CLANG_WARN_DEPRECATED_OBJC_IMPLEMENTATIONS = YES;
				CLANG_WARN_DIRECT_OBJC_ISA_USAGE = YES_ERROR;
				CLANG_WARN_DOCUMENTATION_COMMENTS = YES;
				CLANG_WARN_EMPTY_BODY = YES;
				CLANG_WARN_ENUM_CONVERSION = YES;
				CLANG_WARN_INFINITE_RECURSION = YES;
				CLANG_WARN_INT_CONVERSION = YES;
				CLANG_WARN_NON_LITERAL_NULL_CONVERSION = YES;
				CLANG_WARN_OBJC_IMPLICIT_RETAIN_SELF = YES;
				CLANG_WARN_OBJC_LITERAL_CONVERSION = YES;
				CLANG_WARN_OBJC_ROOT_CLASS = YES_ERROR;
				CLANG_WARN_QUOTED_INCLUDE_IN_FRAMEWORK_HEADER = YES;
				CLANG_WARN_RANGE_LOOP_ANALYSIS = YES;
				CLANG_WARN_STRICT_PROTOTYPES = YES;
				CLANG_WARN_SUSPICIOUS_MOVE = YES;
				CLANG_WARN_UNGUARDED_AVAILABILITY = YES_AGGRESSIVE;
				CLANG_WARN_UNREACHABLE_CODE = YES;
				CLANG_WARN__DUPLICATE_METHOD_MATCH = YES;
				COPY_PHASE_STRIP = NO;
				DEBUG_INFORMATION_FORMAT = dwarf;
				ENABLE_STRICT_OBJC_MSGSEND = YES;
				ENABLE_TESTABILITY = YES;
				ENABLE_USER_SCRIPT_SANDBOXING = YES;
				GCC_C_LANGUAGE_STANDARD = gnu17;
				GCC_DYNAMIC_NO_PIC = NO;
				GCC_NO_COMMON_BLOCKS = YES;
				GCC_OPTIMIZATION_LEVEL = 0;
				GCC_PREPROCESSOR_DEFINITIONS = (
					"DEBUG=1",
					"$(inherited)",
				);
				GCC_WARN_64_TO_32_BIT_CONVERSION = YES;
				GCC_WARN_ABOUT_RETURN_TYPE = YES_ERROR;
				GCC_WARN_UNDECLARED_SELECTOR = YES;
				GCC_WARN_UNINITIALIZED_AUTOS = YES_AGGRESSIVE;
				GCC_WARN_UNUSED_FUNCTION = YES;
				GCC_WARN_UNUSED_VARIABLE = YES;
				IPHONEOS_DEPLOYMENT_TARGET = 17.4;
				LOCALIZATION_PREFERS_STRING_CATALOGS = YES;
				MTL_ENABLE_DEBUG_INFO = INCLUDE_SOURCE;
				MTL_FAST_MATH = YES;
				ONLY_ACTIVE_ARCH = YES;
				SDKROOT = iphoneos;
				SWIFT_ACTIVE_COMPILATION_CONDITIONS = "DEBUG $(inherited)";
				SWIFT_OPTIMIZATION_LEVEL = "-Onone";
			};
			name = Debug;
		};
		B95AEA4F2CB5B74C00FC8247 /* Release */ = {
			isa = XCBuildConfiguration;
			buildSettings = {
				ALWAYS_SEARCH_USER_PATHS = NO;
				ASSETCATALOG_COMPILER_GENERATE_SWIFT_ASSET_SYMBOL_EXTENSIONS = YES;
				CLANG_ANALYZER_NONNULL = YES;
				CLANG_ANALYZER_NUMBER_OBJECT_CONVERSION = YES_AGGRESSIVE;
				CLANG_CXX_LANGUAGE_STANDARD = "gnu++20";
				CLANG_ENABLE_MODULES = YES;
				CLANG_ENABLE_OBJC_ARC = YES;
				CLANG_ENABLE_OBJC_WEAK = YES;
				CLANG_WARN_BLOCK_CAPTURE_AUTORELEASING = YES;
				CLANG_WARN_BOOL_CONVERSION = YES;
				CLANG_WARN_COMMA = YES;
				CLANG_WARN_CONSTANT_CONVERSION = YES;
				CLANG_WARN_DEPRECATED_OBJC_IMPLEMENTATIONS = YES;
				CLANG_WARN_DIRECT_OBJC_ISA_USAGE = YES_ERROR;
				CLANG_WARN_DOCUMENTATION_COMMENTS = YES;
				CLANG_WARN_EMPTY_BODY = YES;
				CLANG_WARN_ENUM_CONVERSION = YES;
				CLANG_WARN_INFINITE_RECURSION = YES;
				CLANG_WARN_INT_CONVERSION = YES;
				CLANG_WARN_NON_LITERAL_NULL_CONVERSION = YES;
				CLANG_WARN_OBJC_IMPLICIT_RETAIN_SELF = YES;
				CLANG_WARN_OBJC_LITERAL_CONVERSION = YES;
				CLANG_WARN_OBJC_ROOT_CLASS = YES_ERROR;
				CLANG_WARN_QUOTED_INCLUDE_IN_FRAMEWORK_HEADER = YES;
				CLANG_WARN_RANGE_LOOP_ANALYSIS = YES;
				CLANG_WARN_STRICT_PROTOTYPES = YES;
				CLANG_WARN_SUSPICIOUS_MOVE = YES;
				CLANG_WARN_UNGUARDED_AVAILABILITY = YES_AGGRESSIVE;
				CLANG_WARN_UNREACHABLE_CODE = YES;
				CLANG_WARN__DUPLICATE_METHOD_MATCH = YES;
				COPY_PHASE_STRIP = NO;
				DEBUG_INFORMATION_FORMAT = "dwarf-with-dsym";
				ENABLE_NS_ASSERTIONS = NO;
				ENABLE_STRICT_OBJC_MSGSEND = YES;
				ENABLE_USER_SCRIPT_SANDBOXING = YES;
				GCC_C_LANGUAGE_STANDARD = gnu17;
				GCC_NO_COMMON_BLOCKS = YES;
				GCC_WARN_64_TO_32_BIT_CONVERSION = YES;
				GCC_WARN_ABOUT_RETURN_TYPE = YES_ERROR;
				GCC_WARN_UNDECLARED_SELECTOR = YES;
				GCC_WARN_UNINITIALIZED_AUTOS = YES_AGGRESSIVE;
				GCC_WARN_UNUSED_FUNCTION = YES;
				GCC_WARN_UNUSED_VARIABLE = YES;
				IPHONEOS_DEPLOYMENT_TARGET = 17.4;
				LOCALIZATION_PREFERS_STRING_CATALOGS = YES;
				MTL_ENABLE_DEBUG_INFO = NO;
				MTL_FAST_MATH = YES;
				SDKROOT = iphoneos;
				SWIFT_COMPILATION_MODE = wholemodule;
				VALIDATE_PRODUCT = YES;
			};
			name = Release;
		};
		B95AEA512CB5B74C00FC8247 /* Debug */ = {
			isa = XCBuildConfiguration;
			buildSettings = {
				ASSETCATALOG_COMPILER_APPICON_NAME = AppIcon;
				ASSETCATALOG_COMPILER_GLOBAL_ACCENT_COLOR_NAME = AccentColor;
				CODE_SIGN_STYLE = Automatic;
				CURRENT_PROJECT_VERSION = 1;
				DEVELOPMENT_ASSET_PATHS = "\"table-view/Preview Content\"";
				DEVELOPMENT_TEAM = VSUY2TSW6M;
				ENABLE_PREVIEWS = YES;
				GENERATE_INFOPLIST_FILE = YES;
				INFOPLIST_KEY_UIApplicationSceneManifest_Generation = YES;
				INFOPLIST_KEY_UIApplicationSupportsIndirectInputEvents = YES;
				INFOPLIST_KEY_UILaunchScreen_Generation = YES;
				INFOPLIST_KEY_UISupportedInterfaceOrientations_iPad = "UIInterfaceOrientationPortrait UIInterfaceOrientationPortraitUpsideDown UIInterfaceOrientationLandscapeLeft UIInterfaceOrientationLandscapeRight";
				INFOPLIST_KEY_UISupportedInterfaceOrientations_iPhone = "UIInterfaceOrientationPortrait UIInterfaceOrientationLandscapeLeft UIInterfaceOrientationLandscapeRight";
				LD_RUNPATH_SEARCH_PATHS = (
					"$(inherited)",
					"@executable_path/Frameworks",
				);
				MARKETING_VERSION = 1.0;
				PRODUCT_BUNDLE_IDENTIFIER = "confessoranny.table-view";
				PRODUCT_NAME = "$(TARGET_NAME)";
				SWIFT_EMIT_LOC_STRINGS = YES;
				SWIFT_VERSION = 5.0;
				TARGETED_DEVICE_FAMILY = "1,2";
			};
			name = Debug;
		};
		B95AEA522CB5B74C00FC8247 /* Release */ = {
			isa = XCBuildConfiguration;
			buildSettings = {
				ASSETCATALOG_COMPILER_APPICON_NAME = AppIcon;
				ASSETCATALOG_COMPILER_GLOBAL_ACCENT_COLOR_NAME = AccentColor;
				CODE_SIGN_STYLE = Automatic;
				CURRENT_PROJECT_VERSION = 1;
				DEVELOPMENT_ASSET_PATHS = "\"table-view/Preview Content\"";
				DEVELOPMENT_TEAM = VSUY2TSW6M;
				ENABLE_PREVIEWS = YES;
				GENERATE_INFOPLIST_FILE = YES;
				INFOPLIST_KEY_UIApplicationSceneManifest_Generation = YES;
				INFOPLIST_KEY_UIApplicationSupportsIndirectInputEvents = YES;
				INFOPLIST_KEY_UILaunchScreen_Generation = YES;
				INFOPLIST_KEY_UISupportedInterfaceOrientations_iPad = "UIInterfaceOrientationPortrait UIInterfaceOrientationPortraitUpsideDown UIInterfaceOrientationLandscapeLeft UIInterfaceOrientationLandscapeRight";
				INFOPLIST_KEY_UISupportedInterfaceOrientations_iPhone = "UIInterfaceOrientationPortrait UIInterfaceOrientationLandscapeLeft UIInterfaceOrientationLandscapeRight";
				LD_RUNPATH_SEARCH_PATHS = (
					"$(inherited)",
					"@executable_path/Frameworks",
				);
				MARKETING_VERSION = 1.0;
				PRODUCT_BUNDLE_IDENTIFIER = "confessoranny.table-view";
				PRODUCT_NAME = "$(TARGET_NAME)";
				SWIFT_EMIT_LOC_STRINGS = YES;
				SWIFT_VERSION = 5.0;
				TARGETED_DEVICE_FAMILY = "1,2";
			};
			name = Release;
		};
/* End XCBuildConfiguration section */

/* Begin XCConfigurationList section */
		B95AEA3D2CB5B74B00FC8247 /* Build configuration list for PBXProject "table-view" */ = {
			isa = XCConfigurationList;
			buildConfigurations = (
				B95AEA4E2CB5B74C00FC8247 /* Debug */,
				B95AEA4F2CB5B74C00FC8247 /* Release */,
			);
			defaultConfigurationIsVisible = 0;
			defaultConfigurationName = Release;
		};
		B95AEA502CB5B74C00FC8247 /* Build configuration list for PBXNativeTarget "table-view" */ = {
			isa = XCConfigurationList;
			buildConfigurations = (
				B95AEA512CB5B74C00FC8247 /* Debug */,
				B95AEA522CB5B74C00FC8247 /* Release */,
			);
			defaultConfigurationIsVisible = 0;
			defaultConfigurationName = Release;
		};
/* End XCConfigurationList section */
	};
	rootObject = B95AEA3A2CB5B74B00FC8247 /* Project object */;
}
